// !$*UTF8*$!
{
	archiveVersion = 1;
	classes = {
	};
	objectVersion = 53;
	objects = {

/* Begin PBXBuildFile section */
		F46923BC1E3BB5700017A4CA /* TextPositionTests.swift in Sources */ = {isa = PBXBuildFile; fileRef = F46923BB1E3BB5700017A4CA /* TextPositionTests.swift */; };
		F4AB66121E35787000ED6379 /* JSONParser+CustomStringConvertible.swift in Sources */ = {isa = PBXBuildFile; fileRef = F4AB66111E35787000ED6379 /* JSONParser+CustomStringConvertible.swift */; };
		F4B92CB71E2E9EA6008D20A6 /* JSONParserTests.swift in Sources */ = {isa = PBXBuildFile; fileRef = F4B92CB61E2E9EA6008D20A6 /* JSONParserTests.swift */; };
		F4BE0D7C1E2E98A700B8F361 /* JsonicYouth.h in Headers */ = {isa = PBXBuildFile; fileRef = F4BE0D7A1E2E98A700B8F361 /* JsonicYouth.h */; settings = {ATTRIBUTES = (Public, ); }; };
		F4BE0D871E2E99F800B8F361 /* JSONParser.swift in Sources */ = {isa = PBXBuildFile; fileRef = F4BE0D831E2E99F800B8F361 /* JSONParser.swift */; };
		F4BE0D881E2E99F800B8F361 /* JSONLexer.swift in Sources */ = {isa = PBXBuildFile; fileRef = F4BE0D841E2E99F800B8F361 /* JSONLexer.swift */; };
		F4BE0D891E2E99F800B8F361 /* JSONError.swift in Sources */ = {isa = PBXBuildFile; fileRef = F4BE0D851E2E99F800B8F361 /* JSONError.swift */; };
		F4BE0D8A1E2E99F800B8F361 /* TextPosition.swift in Sources */ = {isa = PBXBuildFile; fileRef = F4BE0D861E2E99F800B8F361 /* TextPosition.swift */; };
		F4BE0D941E2E9A9200B8F361 /* JsonicYouth.framework in Frameworks */ = {isa = PBXBuildFile; fileRef = F4BE0D771E2E98A700B8F361 /* JsonicYouth.framework */; };
		F4BE0D9B1E2E9B0D00B8F361 /* JSONLexerTests.swift in Sources */ = {isa = PBXBuildFile; fileRef = F4BE0D9A1E2E9B0D00B8F361 /* JSONLexerTests.swift */; };
/* End PBXBuildFile section */

/* Begin PBXContainerItemProxy section */
		F4BE0D951E2E9A9200B8F361 /* PBXContainerItemProxy */ = {
			isa = PBXContainerItemProxy;
			containerPortal = F4BE0D6E1E2E98A700B8F361 /* Project object */;
			proxyType = 1;
			remoteGlobalIDString = F4BE0D761E2E98A700B8F361;
			remoteInfo = JsonicYouth;
		};
/* End PBXContainerItemProxy section */

/* Begin PBXFileReference section */
		F46923BB1E3BB5700017A4CA /* TextPositionTests.swift */ = {isa = PBXFileReference; fileEncoding = 4; lastKnownFileType = sourcecode.swift; path = TextPositionTests.swift; sourceTree = "<group>"; };
		F4AB66111E35787000ED6379 /* JSONParser+CustomStringConvertible.swift */ = {isa = PBXFileReference; fileEncoding = 4; lastKnownFileType = sourcecode.swift; path = "JSONParser+CustomStringConvertible.swift"; sourceTree = "<group>"; };
		F4B92CB61E2E9EA6008D20A6 /* JSONParserTests.swift */ = {isa = PBXFileReference; fileEncoding = 4; lastKnownFileType = sourcecode.swift; path = JSONParserTests.swift; sourceTree = "<group>"; };
		F4BE0D771E2E98A700B8F361 /* JsonicYouth.framework */ = {isa = PBXFileReference; explicitFileType = wrapper.framework; includeInIndex = 0; path = JsonicYouth.framework; sourceTree = BUILT_PRODUCTS_DIR; };
		F4BE0D7A1E2E98A700B8F361 /* JsonicYouth.h */ = {isa = PBXFileReference; lastKnownFileType = sourcecode.c.h; path = JsonicYouth.h; sourceTree = "<group>"; };
		F4BE0D7B1E2E98A700B8F361 /* Info.plist */ = {isa = PBXFileReference; lastKnownFileType = text.plist.xml; path = Info.plist; sourceTree = "<group>"; };
		F4BE0D831E2E99F800B8F361 /* JSONParser.swift */ = {isa = PBXFileReference; fileEncoding = 4; lastKnownFileType = sourcecode.swift; path = JSONParser.swift; sourceTree = "<group>"; };
		F4BE0D841E2E99F800B8F361 /* JSONLexer.swift */ = {isa = PBXFileReference; fileEncoding = 4; lastKnownFileType = sourcecode.swift; path = JSONLexer.swift; sourceTree = "<group>"; };
		F4BE0D851E2E99F800B8F361 /* JSONError.swift */ = {isa = PBXFileReference; fileEncoding = 4; lastKnownFileType = sourcecode.swift; path = JSONError.swift; sourceTree = "<group>"; };
		F4BE0D861E2E99F800B8F361 /* TextPosition.swift */ = {isa = PBXFileReference; fileEncoding = 4; lastKnownFileType = sourcecode.swift; path = TextPosition.swift; sourceTree = "<group>"; };
		F4BE0D8F1E2E9A9200B8F361 /* JsonicYouthTests.xctest */ = {isa = PBXFileReference; explicitFileType = wrapper.cfbundle; includeInIndex = 0; path = JsonicYouthTests.xctest; sourceTree = BUILT_PRODUCTS_DIR; };
		F4BE0D931E2E9A9200B8F361 /* Info.plist */ = {isa = PBXFileReference; lastKnownFileType = text.plist.xml; path = Info.plist; sourceTree = "<group>"; };
		F4BE0D9A1E2E9B0D00B8F361 /* JSONLexerTests.swift */ = {isa = PBXFileReference; fileEncoding = 4; lastKnownFileType = sourcecode.swift; path = JSONLexerTests.swift; sourceTree = "<group>"; };
/* End PBXFileReference section */

/* Begin PBXFrameworksBuildPhase section */
		F4BE0D731E2E98A700B8F361 /* Frameworks */ = {
			isa = PBXFrameworksBuildPhase;
			buildActionMask = 2147483647;
			files = (
			);
			runOnlyForDeploymentPostprocessing = 0;
		};
		F4BE0D8C1E2E9A9200B8F361 /* Frameworks */ = {
			isa = PBXFrameworksBuildPhase;
			buildActionMask = 2147483647;
			files = (
				F4BE0D941E2E9A9200B8F361 /* JsonicYouth.framework in Frameworks */,
			);
			runOnlyForDeploymentPostprocessing = 0;
		};
/* End PBXFrameworksBuildPhase section */

/* Begin PBXGroup section */
		F4BE0D6D1E2E98A700B8F361 = {
			isa = PBXGroup;
			children = (
				F4BE0D791E2E98A700B8F361 /* JsonicYouth */,
				F4BE0D901E2E9A9200B8F361 /* JsonicYouthTests */,
				F4BE0D781E2E98A700B8F361 /* Products */,
			);
			sourceTree = "<group>";
		};
		F4BE0D781E2E98A700B8F361 /* Products */ = {
			isa = PBXGroup;
			children = (
				F4BE0D771E2E98A700B8F361 /* JsonicYouth.framework */,
				F4BE0D8F1E2E9A9200B8F361 /* JsonicYouthTests.xctest */,
			);
			name = Products;
			sourceTree = "<group>";
		};
		F4BE0D791E2E98A700B8F361 /* JsonicYouth */ = {
			isa = PBXGroup;
			children = (
				F4BE0D831E2E99F800B8F361 /* JSONParser.swift */,
				F4AB66111E35787000ED6379 /* JSONParser+CustomStringConvertible.swift */,
				F4BE0D841E2E99F800B8F361 /* JSONLexer.swift */,
				F4BE0D851E2E99F800B8F361 /* JSONError.swift */,
				F4BE0D861E2E99F800B8F361 /* TextPosition.swift */,
				F4BE0D821E2E99CC00B8F361 /* Framework */,
			);
			path = JsonicYouth;
			sourceTree = "<group>";
		};
		F4BE0D821E2E99CC00B8F361 /* Framework */ = {
			isa = PBXGroup;
			children = (
				F4BE0D7A1E2E98A700B8F361 /* JsonicYouth.h */,
				F4BE0D7B1E2E98A700B8F361 /* Info.plist */,
			);
			name = Framework;
			sourceTree = "<group>";
		};
		F4BE0D901E2E9A9200B8F361 /* JsonicYouthTests */ = {
			isa = PBXGroup;
			children = (
				F4BE0D931E2E9A9200B8F361 /* Info.plist */,
				F4BE0D9A1E2E9B0D00B8F361 /* JSONLexerTests.swift */,
				F4B92CB61E2E9EA6008D20A6 /* JSONParserTests.swift */,
				F46923BB1E3BB5700017A4CA /* TextPositionTests.swift */,
			);
			path = JsonicYouthTests;
			sourceTree = "<group>";
		};
/* End PBXGroup section */

/* Begin PBXHeadersBuildPhase section */
		F4BE0D741E2E98A700B8F361 /* Headers */ = {
			isa = PBXHeadersBuildPhase;
			buildActionMask = 2147483647;
			files = (
				F4BE0D7C1E2E98A700B8F361 /* JsonicYouth.h in Headers */,
			);
			runOnlyForDeploymentPostprocessing = 0;
		};
/* End PBXHeadersBuildPhase section */

/* Begin PBXNativeTarget section */
		F4BE0D761E2E98A700B8F361 /* JsonicYouth */ = {
			isa = PBXNativeTarget;
			buildConfigurationList = F4BE0D7F1E2E98A700B8F361 /* Build configuration list for PBXNativeTarget "JsonicYouth" */;
			buildPhases = (
				F4BE0D721E2E98A700B8F361 /* Sources */,
				F4BE0D731E2E98A700B8F361 /* Frameworks */,
				F4BE0D741E2E98A700B8F361 /* Headers */,
				F4BE0D751E2E98A700B8F361 /* Resources */,
			);
			buildRules = (
			);
			dependencies = (
			);
			name = JsonicYouth;
			productName = JsonicYouth;
			productReference = F4BE0D771E2E98A700B8F361 /* JsonicYouth.framework */;
			productType = "com.apple.product-type.framework";
		};
		F4BE0D8E1E2E9A9200B8F361 /* JsonicYouthTests */ = {
			isa = PBXNativeTarget;
			buildConfigurationList = F4BE0D971E2E9A9200B8F361 /* Build configuration list for PBXNativeTarget "JsonicYouthTests" */;
			buildPhases = (
				F4BE0D8B1E2E9A9200B8F361 /* Sources */,
				F4BE0D8C1E2E9A9200B8F361 /* Frameworks */,
				F4BE0D8D1E2E9A9200B8F361 /* Resources */,
			);
			buildRules = (
			);
			dependencies = (
				F4BE0D961E2E9A9200B8F361 /* PBXTargetDependency */,
			);
			name = JsonicYouthTests;
			productName = JsonicYouthTests;
			productReference = F4BE0D8F1E2E9A9200B8F361 /* JsonicYouthTests.xctest */;
			productType = "com.apple.product-type.bundle.unit-test";
		};
/* End PBXNativeTarget section */

/* Begin PBXProject section */
		F4BE0D6E1E2E98A700B8F361 /* Project object */ = {
			isa = PBXProject;
			attributes = {
				BuildIndependentTargetsInParallel = YES;
				LastSwiftUpdateCheck = 0820;
				LastUpgradeCheck = 1430;
				ORGANIZATIONNAME = SKR;
				TargetAttributes = {
					F4BE0D761E2E98A700B8F361 = {
						CreatedOnToolsVersion = 8.2;
						DevelopmentTeam = HLC422N3AR;
						LastSwiftMigration = "";
						ProvisioningStyle = Automatic;
					};
					F4BE0D8E1E2E9A9200B8F361 = {
						CreatedOnToolsVersion = 8.2;
						DevelopmentTeam = HLC422N3AR;
						LastSwiftMigration = "";
						ProvisioningStyle = Automatic;
					};
				};
			};
			buildConfigurationList = F4BE0D711E2E98A700B8F361 /* Build configuration list for PBXProject "JsonicYouth" */;
			compatibilityVersion = "Xcode 3.2";
			developmentRegion = English;
			hasScannedForEncodings = 0;
			knownRegions = (
				English,
				en,
			);
			mainGroup = F4BE0D6D1E2E98A700B8F361;
			productRefGroup = F4BE0D781E2E98A700B8F361 /* Products */;
			projectDirPath = "";
			projectRoot = "";
			targets = (
				F4BE0D761E2E98A700B8F361 /* JsonicYouth */,
				F4BE0D8E1E2E9A9200B8F361 /* JsonicYouthTests */,
			);
		};
/* End PBXProject section */

/* Begin PBXResourcesBuildPhase section */
		F4BE0D751E2E98A700B8F361 /* Resources */ = {
			isa = PBXResourcesBuildPhase;
			buildActionMask = 2147483647;
			files = (
			);
			runOnlyForDeploymentPostprocessing = 0;
		};
		F4BE0D8D1E2E9A9200B8F361 /* Resources */ = {
			isa = PBXResourcesBuildPhase;
			buildActionMask = 2147483647;
			files = (
			);
			runOnlyForDeploymentPostprocessing = 0;
		};
/* End PBXResourcesBuildPhase section */

/* Begin PBXSourcesBuildPhase section */
		F4BE0D721E2E98A700B8F361 /* Sources */ = {
			isa = PBXSourcesBuildPhase;
			buildActionMask = 2147483647;
			files = (
				F4AB66121E35787000ED6379 /* JSONParser+CustomStringConvertible.swift in Sources */,
				F4BE0D891E2E99F800B8F361 /* JSONError.swift in Sources */,
				F4BE0D881E2E99F800B8F361 /* JSONLexer.swift in Sources */,
				F4BE0D871E2E99F800B8F361 /* JSONParser.swift in Sources */,
				F4BE0D8A1E2E99F800B8F361 /* TextPosition.swift in Sources */,
			);
			runOnlyForDeploymentPostprocessing = 0;
		};
		F4BE0D8B1E2E9A9200B8F361 /* Sources */ = {
			isa = PBXSourcesBuildPhase;
			buildActionMask = 2147483647;
			files = (
				F46923BC1E3BB5700017A4CA /* TextPositionTests.swift in Sources */,
				F4B92CB71E2E9EA6008D20A6 /* JSONParserTests.swift in Sources */,
				F4BE0D9B1E2E9B0D00B8F361 /* JSONLexerTests.swift in Sources */,
			);
			runOnlyForDeploymentPostprocessing = 0;
		};
/* End PBXSourcesBuildPhase section */

/* Begin PBXTargetDependency section */
		F4BE0D961E2E9A9200B8F361 /* PBXTargetDependency */ = {
			isa = PBXTargetDependency;
			target = F4BE0D761E2E98A700B8F361 /* JsonicYouth */;
			targetProxy = F4BE0D951E2E9A9200B8F361 /* PBXContainerItemProxy */;
		};
/* End PBXTargetDependency section */

/* Begin XCBuildConfiguration section */
		F4BE0D7D1E2E98A700B8F361 /* Debug */ = {
			isa = XCBuildConfiguration;
			buildSettings = {
				ALWAYS_SEARCH_USER_PATHS = NO;
				CLANG_ANALYZER_LOCALIZABILITY_NONLOCALIZED = YES;
				CLANG_ANALYZER_NONNULL = YES;
				CLANG_CXX_LANGUAGE_STANDARD = "gnu++0x";
				CLANG_CXX_LIBRARY = "libc++";
				CLANG_ENABLE_MODULES = YES;
				CLANG_ENABLE_OBJC_ARC = YES;
				CLANG_WARN_BLOCK_CAPTURE_AUTORELEASING = YES;
				CLANG_WARN_BOOL_CONVERSION = YES;
				CLANG_WARN_COMMA = YES;
				CLANG_WARN_CONSTANT_CONVERSION = YES;
				CLANG_WARN_DEPRECATED_OBJC_IMPLEMENTATIONS = YES;
				CLANG_WARN_DIRECT_OBJC_ISA_USAGE = YES_ERROR;
				CLANG_WARN_DOCUMENTATION_COMMENTS = YES;
				CLANG_WARN_EMPTY_BODY = YES;
				CLANG_WARN_ENUM_CONVERSION = YES;
				CLANG_WARN_INFINITE_RECURSION = YES;
				CLANG_WARN_INT_CONVERSION = YES;
				CLANG_WARN_NON_LITERAL_NULL_CONVERSION = YES;
				CLANG_WARN_OBJC_IMPLICIT_RETAIN_SELF = YES;
				CLANG_WARN_OBJC_LITERAL_CONVERSION = YES;
				CLANG_WARN_OBJC_ROOT_CLASS = YES_ERROR;
				CLANG_WARN_QUOTED_INCLUDE_IN_FRAMEWORK_HEADER = YES;
				CLANG_WARN_RANGE_LOOP_ANALYSIS = YES;
				CLANG_WARN_STRICT_PROTOTYPES = YES;
				CLANG_WARN_SUSPICIOUS_MOVE = YES;
				CLANG_WARN_UNREACHABLE_CODE = YES;
				CLANG_WARN__DUPLICATE_METHOD_MATCH = YES;
				CODE_SIGN_IDENTITY = "-";
				COPY_PHASE_STRIP = NO;
				CURRENT_PROJECT_VERSION = 1;
				DEAD_CODE_STRIPPING = YES;
				DEBUG_INFORMATION_FORMAT = dwarf;
				ENABLE_STRICT_OBJC_MSGSEND = YES;
				ENABLE_TESTABILITY = YES;
				GCC_C_LANGUAGE_STANDARD = gnu99;
				GCC_DYNAMIC_NO_PIC = NO;
				GCC_NO_COMMON_BLOCKS = YES;
				GCC_OPTIMIZATION_LEVEL = 0;
				GCC_PREPROCESSOR_DEFINITIONS = (
					"DEBUG=1",
					"$(inherited)",
				);
				GCC_WARN_64_TO_32_BIT_CONVERSION = YES;
				GCC_WARN_ABOUT_RETURN_TYPE = YES_ERROR;
				GCC_WARN_UNDECLARED_SELECTOR = YES;
				GCC_WARN_UNINITIALIZED_AUTOS = YES_AGGRESSIVE;
				GCC_WARN_UNUSED_FUNCTION = YES;
				GCC_WARN_UNUSED_VARIABLE = YES;
				MACOSX_DEPLOYMENT_TARGET = 10.12;
				MTL_ENABLE_DEBUG_INFO = YES;
				ONLY_ACTIVE_ARCH = YES;
				SDKROOT = macosx;
				SWIFT_ACTIVE_COMPILATION_CONDITIONS = DEBUG;
				SWIFT_OPTIMIZATION_LEVEL = "-Onone";
				VERSIONING_SYSTEM = "apple-generic";
				VERSION_INFO_PREFIX = "";
			};
			name = Debug;
		};
		F4BE0D7E1E2E98A700B8F361 /* Release */ = {
			isa = XCBuildConfiguration;
			buildSettings = {
				ALWAYS_SEARCH_USER_PATHS = NO;
				CLANG_ANALYZER_LOCALIZABILITY_NONLOCALIZED = YES;
				CLANG_ANALYZER_NONNULL = YES;
				CLANG_CXX_LANGUAGE_STANDARD = "gnu++0x";
				CLANG_CXX_LIBRARY = "libc++";
				CLANG_ENABLE_MODULES = YES;
				CLANG_ENABLE_OBJC_ARC = YES;
				CLANG_WARN_BLOCK_CAPTURE_AUTORELEASING = YES;
				CLANG_WARN_BOOL_CONVERSION = YES;
				CLANG_WARN_COMMA = YES;
				CLANG_WARN_CONSTANT_CONVERSION = YES;
				CLANG_WARN_DEPRECATED_OBJC_IMPLEMENTATIONS = YES;
				CLANG_WARN_DIRECT_OBJC_ISA_USAGE = YES_ERROR;
				CLANG_WARN_DOCUMENTATION_COMMENTS = YES;
				CLANG_WARN_EMPTY_BODY = YES;
				CLANG_WARN_ENUM_CONVERSION = YES;
				CLANG_WARN_INFINITE_RECURSION = YES;
				CLANG_WARN_INT_CONVERSION = YES;
				CLANG_WARN_NON_LITERAL_NULL_CONVERSION = YES;
				CLANG_WARN_OBJC_IMPLICIT_RETAIN_SELF = YES;
				CLANG_WARN_OBJC_LITERAL_CONVERSION = YES;
				CLANG_WARN_OBJC_ROOT_CLASS = YES_ERROR;
				CLANG_WARN_QUOTED_INCLUDE_IN_FRAMEWORK_HEADER = YES;
				CLANG_WARN_RANGE_LOOP_ANALYSIS = YES;
				CLANG_WARN_STRICT_PROTOTYPES = YES;
				CLANG_WARN_SUSPICIOUS_MOVE = YES;
				CLANG_WARN_UNREACHABLE_CODE = YES;
				CLANG_WARN__DUPLICATE_METHOD_MATCH = YES;
				CODE_SIGN_IDENTITY = "-";
				COPY_PHASE_STRIP = NO;
				CURRENT_PROJECT_VERSION = 1;
				DEAD_CODE_STRIPPING = YES;
				DEBUG_INFORMATION_FORMAT = "dwarf-with-dsym";
				ENABLE_NS_ASSERTIONS = NO;
				ENABLE_STRICT_OBJC_MSGSEND = YES;
				GCC_C_LANGUAGE_STANDARD = gnu99;
				GCC_NO_COMMON_BLOCKS = YES;
				GCC_WARN_64_TO_32_BIT_CONVERSION = YES;
				GCC_WARN_ABOUT_RETURN_TYPE = YES_ERROR;
				GCC_WARN_UNDECLARED_SELECTOR = YES;
				GCC_WARN_UNINITIALIZED_AUTOS = YES_AGGRESSIVE;
				GCC_WARN_UNUSED_FUNCTION = YES;
				GCC_WARN_UNUSED_VARIABLE = YES;
				MACOSX_DEPLOYMENT_TARGET = 10.12;
				MTL_ENABLE_DEBUG_INFO = NO;
				SDKROOT = macosx;
				SWIFT_COMPILATION_MODE = wholemodule;
				SWIFT_OPTIMIZATION_LEVEL = "-O";
				VERSIONING_SYSTEM = "apple-generic";
				VERSION_INFO_PREFIX = "";
			};
			name = Release;
		};
		F4BE0D801E2E98A700B8F361 /* Debug */ = {
			isa = XCBuildConfiguration;
			buildSettings = {
				CLANG_ENABLE_MODULES = YES;
				CODE_SIGN_IDENTITY = "";
				COMBINE_HIDPI_IMAGES = YES;
				DEAD_CODE_STRIPPING = YES;
				DEFINES_MODULE = YES;
				DEVELOPMENT_TEAM = HLC422N3AR;
				DYLIB_COMPATIBILITY_VERSION = 1;
				DYLIB_CURRENT_VERSION = 1;
				DYLIB_INSTALL_NAME_BASE = "@rpath";
				ENABLE_MODULE_VERIFIER = YES;
				FRAMEWORK_VERSION = A;
				INFOPLIST_FILE = JsonicYouth/Info.plist;
				INSTALL_PATH = "$(LOCAL_LIBRARY_DIR)/Frameworks";
				LD_RUNPATH_SEARCH_PATHS = (
					"$(inherited)",
					"@executable_path/../Frameworks",
					"@loader_path/Frameworks",
				);
				MACOSX_DEPLOYMENT_TARGET = 12.0;
				MODULE_VERIFIER_SUPPORTED_LANGUAGES = "objective-c objective-c++";
				MODULE_VERIFIER_SUPPORTED_LANGUAGE_STANDARDS = "gnu99 gnu++11";
				PRODUCT_BUNDLE_IDENTIFIER = net.helgo.simon.JsonicYouth;
				PRODUCT_NAME = "$(TARGET_NAME)";
				SKIP_INSTALL = YES;
				SWIFT_OPTIMIZATION_LEVEL = "-Onone";
				SWIFT_SWIFT3_OBJC_INFERENCE = Default;
				SWIFT_VERSION = 5.0;
			};
			name = Debug;
		};
		F4BE0D811E2E98A700B8F361 /* Release */ = {
			isa = XCBuildConfiguration;
			buildSettings = {
				CLANG_ENABLE_MODULES = YES;
				CODE_SIGN_IDENTITY = "";
				COMBINE_HIDPI_IMAGES = YES;
				DEAD_CODE_STRIPPING = YES;
				DEFINES_MODULE = YES;
				DEVELOPMENT_TEAM = HLC422N3AR;
				DYLIB_COMPATIBILITY_VERSION = 1;
				DYLIB_CURRENT_VERSION = 1;
				DYLIB_INSTALL_NAME_BASE = "@rpath";
				ENABLE_MODULE_VERIFIER = YES;
				FRAMEWORK_VERSION = A;
				INFOPLIST_FILE = JsonicYouth/Info.plist;
				INSTALL_PATH = "$(LOCAL_LIBRARY_DIR)/Frameworks";
				LD_RUNPATH_SEARCH_PATHS = (
					"$(inherited)",
					"@executable_path/../Frameworks",
					"@loader_path/Frameworks",
				);
				MACOSX_DEPLOYMENT_TARGET = 12.0;
				MODULE_VERIFIER_SUPPORTED_LANGUAGES = "objective-c objective-c++";
				MODULE_VERIFIER_SUPPORTED_LANGUAGE_STANDARDS = "gnu99 gnu++11";
				PRODUCT_BUNDLE_IDENTIFIER = net.helgo.simon.JsonicYouth;
				PRODUCT_NAME = "$(TARGET_NAME)";
				SKIP_INSTALL = YES;
				SWIFT_SWIFT3_OBJC_INFERENCE = Default;
				SWIFT_VERSION = 5.0;
			};
			name = Release;
		};
		F4BE0D981E2E9A9200B8F361 /* Debug */ = {
			isa = XCBuildConfiguration;
			buildSettings = {
				COMBINE_HIDPI_IMAGES = YES;
				DEAD_CODE_STRIPPING = YES;
				DEVELOPMENT_TEAM = HLC422N3AR;
				INFOPLIST_FILE = JsonicYouthTests/Info.plist;
				LD_RUNPATH_SEARCH_PATHS = (
					"$(inherited)",
					"@executable_path/../Frameworks",
					"@loader_path/../Frameworks",
				);
				MACOSX_DEPLOYMENT_TARGET = 12.0;
				PRODUCT_BUNDLE_IDENTIFIER = net.helgo.simon.JsonicYouthTests;
				PRODUCT_NAME = "$(TARGET_NAME)";
				SWIFT_SWIFT3_OBJC_INFERENCE = On;
				SWIFT_VERSION = 5.0;
			};
			name = Debug;
		};
		F4BE0D991E2E9A9200B8F361 /* Release */ = {
			isa = XCBuildConfiguration;
			buildSettings = {
				COMBINE_HIDPI_IMAGES = YES;
				DEAD_CODE_STRIPPING = YES;
				DEVELOPMENT_TEAM = HLC422N3AR;
				INFOPLIST_FILE = JsonicYouthTests/Info.plist;
				LD_RUNPATH_SEARCH_PATHS = (
					"$(inherited)",
					"@executable_path/../Frameworks",
					"@loader_path/../Frameworks",
				);
				MACOSX_DEPLOYMENT_TARGET = 12.0;
				PRODUCT_BUNDLE_IDENTIFIER = net.helgo.simon.JsonicYouthTests;
				PRODUCT_NAME = "$(TARGET_NAME)";
				SWIFT_SWIFT3_OBJC_INFERENCE = On;
				SWIFT_VERSION = 5.0;
			};
			name = Release;
		};
/* End XCBuildConfiguration section */

/* Begin XCConfigurationList section */
		F4BE0D711E2E98A700B8F361 /* Build configuration list for PBXProject "JsonicYouth" */ = {
			isa = XCConfigurationList;
			buildConfigurations = (
				F4BE0D7D1E2E98A700B8F361 /* Debug */,
				F4BE0D7E1E2E98A700B8F361 /* Release */,
			);
			defaultConfigurationIsVisible = 0;
			defaultConfigurationName = Release;
		};
		F4BE0D7F1E2E98A700B8F361 /* Build configuration list for PBXNativeTarget "JsonicYouth" */ = {
			isa = XCConfigurationList;
			buildConfigurations = (
				F4BE0D801E2E98A700B8F361 /* Debug */,
				F4BE0D811E2E98A700B8F361 /* Release */,
			);
			defaultConfigurationIsVisible = 0;
			defaultConfigurationName = Release;
		};
		F4BE0D971E2E9A9200B8F361 /* Build configuration list for PBXNativeTarget "JsonicYouthTests" */ = {
			isa = XCConfigurationList;
			buildConfigurations = (
				F4BE0D981E2E9A9200B8F361 /* Debug */,
				F4BE0D991E2E9A9200B8F361 /* Release */,
			);
			defaultConfigurationIsVisible = 0;
			defaultConfigurationName = Release;
		};
/* End XCConfigurationList section */
	};
	rootObject = F4BE0D6E1E2E98A700B8F361 /* Project object */;
}
